// !$*UTF8*$!
{
	archiveVersion = 1;
	classes = {
	};
	objectVersion = 56;
	objects = {

/* Begin PBXBuildFile section */
		52A19E842BAB296500ACA988 /* MarvelApp.swift in Sources */ = {isa = PBXBuildFile; fileRef = 52A19E832BAB296500ACA988 /* MarvelApp.swift */; };
		52A19E862BAB296500ACA988 /* ContentView.swift in Sources */ = {isa = PBXBuildFile; fileRef = 52A19E852BAB296500ACA988 /* ContentView.swift */; };
		52A19E882BAB296800ACA988 /* Assets.xcassets in Resources */ = {isa = PBXBuildFile; fileRef = 52A19E872BAB296800ACA988 /* Assets.xcassets */; };
		52A19E8B2BAB296800ACA988 /* Preview Assets.xcassets in Resources */ = {isa = PBXBuildFile; fileRef = 52A19E8A2BAB296800ACA988 /* Preview Assets.xcassets */; };
		52A19E952BAB296900ACA988 /* MarvelTests.swift in Sources */ = {isa = PBXBuildFile; fileRef = 52A19E942BAB296900ACA988 /* MarvelTests.swift */; };
		52A19E9F2BAB296900ACA988 /* MarvelUITests.swift in Sources */ = {isa = PBXBuildFile; fileRef = 52A19E9E2BAB296900ACA988 /* MarvelUITests.swift */; };
		52A19EA12BAB296900ACA988 /* MarvelUITestsLaunchTests.swift in Sources */ = {isa = PBXBuildFile; fileRef = 52A19EA02BAB296900ACA988 /* MarvelUITestsLaunchTests.swift */; };
/* End PBXBuildFile section */

/* Begin PBXContainerItemProxy section */
		52A19E912BAB296900ACA988 /* PBXContainerItemProxy */ = {
			isa = PBXContainerItemProxy;
			containerPortal = 52A19E782BAB296500ACA988 /* Project object */;
			proxyType = 1;
			remoteGlobalIDString = 52A19E7F2BAB296500ACA988;
			remoteInfo = Marvel;
		};
		52A19E9B2BAB296900ACA988 /* PBXContainerItemProxy */ = {
			isa = PBXContainerItemProxy;
			containerPortal = 52A19E782BAB296500ACA988 /* Project object */;
			proxyType = 1;
			remoteGlobalIDString = 52A19E7F2BAB296500ACA988;
			remoteInfo = Marvel;
		};
/* End PBXContainerItemProxy section */

/* Begin PBXFileReference section */
		52A19E802BAB296500ACA988 /* Marvel.app */ = {isa = PBXFileReference; explicitFileType = wrapper.application; includeInIndex = 0; path = Marvel.app; sourceTree = BUILT_PRODUCTS_DIR; };
		52A19E832BAB296500ACA988 /* MarvelApp.swift */ = {isa = PBXFileReference; lastKnownFileType = sourcecode.swift; path = MarvelApp.swift; sourceTree = "<group>"; };
		52A19E852BAB296500ACA988 /* ContentView.swift */ = {isa = PBXFileReference; lastKnownFileType = sourcecode.swift; path = ContentView.swift; sourceTree = "<group>"; };
		52A19E872BAB296800ACA988 /* Assets.xcassets */ = {isa = PBXFileReference; lastKnownFileType = folder.assetcatalog; path = Assets.xcassets; sourceTree = "<group>"; };
		52A19E8A2BAB296800ACA988 /* Preview Assets.xcassets */ = {isa = PBXFileReference; lastKnownFileType = folder.assetcatalog; path = "Preview Assets.xcassets"; sourceTree = "<group>"; };
		52A19E902BAB296900ACA988 /* MarvelTests.xctest */ = {isa = PBXFileReference; explicitFileType = wrapper.cfbundle; includeInIndex = 0; path = MarvelTests.xctest; sourceTree = BUILT_PRODUCTS_DIR; };
		52A19E942BAB296900ACA988 /* MarvelTests.swift */ = {isa = PBXFileReference; lastKnownFileType = sourcecode.swift; path = MarvelTests.swift; sourceTree = "<group>"; };
		52A19E9A2BAB296900ACA988 /* MarvelUITests.xctest */ = {isa = PBXFileReference; explicitFileType = wrapper.cfbundle; includeInIndex = 0; path = MarvelUITests.xctest; sourceTree = BUILT_PRODUCTS_DIR; };
		52A19E9E2BAB296900ACA988 /* MarvelUITests.swift */ = {isa = PBXFileReference; lastKnownFileType = sourcecode.swift; path = MarvelUITests.swift; sourceTree = "<group>"; };
		52A19EA02BAB296900ACA988 /* MarvelUITestsLaunchTests.swift */ = {isa = PBXFileReference; lastKnownFileType = sourcecode.swift; path = MarvelUITestsLaunchTests.swift; sourceTree = "<group>"; };
/* End PBXFileReference section */

/* Begin PBXFrameworksBuildPhase section */
		52A19E7D2BAB296500ACA988 /* Frameworks */ = {
			isa = PBXFrameworksBuildPhase;
			buildActionMask = 2147483647;
			files = (
			);
			runOnlyForDeploymentPostprocessing = 0;
		};
		52A19E8D2BAB296900ACA988 /* Frameworks */ = {
			isa = PBXFrameworksBuildPhase;
			buildActionMask = 2147483647;
			files = (
			);
			runOnlyForDeploymentPostprocessing = 0;
		};
		52A19E972BAB296900ACA988 /* Frameworks */ = {
			isa = PBXFrameworksBuildPhase;
			buildActionMask = 2147483647;
			files = (
			);
			runOnlyForDeploymentPostprocessing = 0;
		};
/* End PBXFrameworksBuildPhase section */

/* Begin PBXGroup section */
		52A19E772BAB296500ACA988 = {
			isa = PBXGroup;
			children = (
				52A19E822BAB296500ACA988 /* Marvel */,
				52A19E932BAB296900ACA988 /* MarvelTests */,
				52A19E9D2BAB296900ACA988 /* MarvelUITests */,
				52A19E812BAB296500ACA988 /* Products */,
			);
			sourceTree = "<group>";
		};
		52A19E812BAB296500ACA988 /* Products */ = {
			isa = PBXGroup;
			children = (
				52A19E802BAB296500ACA988 /* Marvel.app */,
				52A19E902BAB296900ACA988 /* MarvelTests.xctest */,
				52A19E9A2BAB296900ACA988 /* MarvelUITests.xctest */,
			);
			name = Products;
			sourceTree = "<group>";
		};
		52A19E822BAB296500ACA988 /* Marvel */ = {
			isa = PBXGroup;
			children = (
				52A19E832BAB296500ACA988 /* MarvelApp.swift */,
				52A19E852BAB296500ACA988 /* ContentView.swift */,
				52A19E872BAB296800ACA988 /* Assets.xcassets */,
				52A19E892BAB296800ACA988 /* Preview Content */,
			);
			path = Marvel;
			sourceTree = "<group>";
		};
		52A19E892BAB296800ACA988 /* Preview Content */ = {
			isa = PBXGroup;
			children = (
				52A19E8A2BAB296800ACA988 /* Preview Assets.xcassets */,
			);
			path = "Preview Content";
			sourceTree = "<group>";
		};
		52A19E932BAB296900ACA988 /* MarvelTests */ = {
			isa = PBXGroup;
			children = (
				52A19E942BAB296900ACA988 /* MarvelTests.swift */,
			);
			path = MarvelTests;
			sourceTree = "<group>";
		};
		52A19E9D2BAB296900ACA988 /* MarvelUITests */ = {
			isa = PBXGroup;
			children = (
				52A19E9E2BAB296900ACA988 /* MarvelUITests.swift */,
				52A19EA02BAB296900ACA988 /* MarvelUITestsLaunchTests.swift */,
			);
			path = MarvelUITests;
			sourceTree = "<group>";
		};
/* End PBXGroup section */

/* Begin PBXNativeTarget section */
		52A19E7F2BAB296500ACA988 /* Marvel */ = {
			isa = PBXNativeTarget;
			buildConfigurationList = 52A19EA42BAB296900ACA988 /* Build configuration list for PBXNativeTarget "Marvel" */;
			buildPhases = (
				52A19E7C2BAB296500ACA988 /* Sources */,
				52A19E7D2BAB296500ACA988 /* Frameworks */,
				52A19E7E2BAB296500ACA988 /* Resources */,
			);
			buildRules = (
			);
			dependencies = (
			);
			name = Marvel;
			productName = Marvel;
			productReference = 52A19E802BAB296500ACA988 /* Marvel.app */;
			productType = "com.apple.product-type.application";
		};
		52A19E8F2BAB296900ACA988 /* MarvelTests */ = {
			isa = PBXNativeTarget;
			buildConfigurationList = 52A19EA72BAB296900ACA988 /* Build configuration list for PBXNativeTarget "MarvelTests" */;
			buildPhases = (
				52A19E8C2BAB296900ACA988 /* Sources */,
				52A19E8D2BAB296900ACA988 /* Frameworks */,
				52A19E8E2BAB296900ACA988 /* Resources */,
			);
			buildRules = (
			);
			dependencies = (
				52A19E922BAB296900ACA988 /* PBXTargetDependency */,
			);
			name = MarvelTests;
			productName = MarvelTests;
			productReference = 52A19E902BAB296900ACA988 /* MarvelTests.xctest */;
			productType = "com.apple.product-type.bundle.unit-test";
		};
		52A19E992BAB296900ACA988 /* MarvelUITests */ = {
			isa = PBXNativeTarget;
			buildConfigurationList = 52A19EAA2BAB296900ACA988 /* Build configuration list for PBXNativeTarget "MarvelUITests" */;
			buildPhases = (
				52A19E962BAB296900ACA988 /* Sources */,
				52A19E972BAB296900ACA988 /* Frameworks */,
				52A19E982BAB296900ACA988 /* Resources */,
			);
			buildRules = (
			);
			dependencies = (
				52A19E9C2BAB296900ACA988 /* PBXTargetDependency */,
			);
			name = MarvelUITests;
			productName = MarvelUITests;
			productReference = 52A19E9A2BAB296900ACA988 /* MarvelUITests.xctest */;
			productType = "com.apple.product-type.bundle.ui-testing";
		};
/* End PBXNativeTarget section */

/* Begin PBXProject section */
		52A19E782BAB296500ACA988 /* Project object */ = {
			isa = PBXProject;
			attributes = {
				BuildIndependentTargetsInParallel = 1;
				LastSwiftUpdateCheck = 1520;
				LastUpgradeCheck = 1520;
				TargetAttributes = {
					52A19E7F2BAB296500ACA988 = {
						CreatedOnToolsVersion = 15.2;
					};
					52A19E8F2BAB296900ACA988 = {
						CreatedOnToolsVersion = 15.2;
						TestTargetID = 52A19E7F2BAB296500ACA988;
					};
					52A19E992BAB296900ACA988 = {
						CreatedOnToolsVersion = 15.2;
						TestTargetID = 52A19E7F2BAB296500ACA988;
					};
				};
			};
			buildConfigurationList = 52A19E7B2BAB296500ACA988 /* Build configuration list for PBXProject "Marvel" */;
			compatibilityVersion = "Xcode 14.0";
			developmentRegion = en;
			hasScannedForEncodings = 0;
			knownRegions = (
				en,
				Base,
			);
			mainGroup = 52A19E772BAB296500ACA988;
			productRefGroup = 52A19E812BAB296500ACA988 /* Products */;
			projectDirPath = "";
			projectRoot = "";
			targets = (
				52A19E7F2BAB296500ACA988 /* Marvel */,
				52A19E8F2BAB296900ACA988 /* MarvelTests */,
				52A19E992BAB296900ACA988 /* MarvelUITests */,
			);
		};
/* End PBXProject section */

/* Begin PBXResourcesBuildPhase section */
		52A19E7E2BAB296500ACA988 /* Resources */ = {
			isa = PBXResourcesBuildPhase;
			buildActionMask = 2147483647;
			files = (
				52A19E8B2BAB296800ACA988 /* Preview Assets.xcassets in Resources */,
				52A19E882BAB296800ACA988 /* Assets.xcassets in Resources */,
			);
			runOnlyForDeploymentPostprocessing = 0;
		};
		52A19E8E2BAB296900ACA988 /* Resources */ = {
			isa = PBXResourcesBuildPhase;
			buildActionMask = 2147483647;
			files = (
			);
			runOnlyForDeploymentPostprocessing = 0;
		};
		52A19E982BAB296900ACA988 /* Resources */ = {
			isa = PBXResourcesBuildPhase;
			buildActionMask = 2147483647;
			files = (
			);
			runOnlyForDeploymentPostprocessing = 0;
		};
/* End PBXResourcesBuildPhase section */

/* Begin PBXSourcesBuildPhase section */
		52A19E7C2BAB296500ACA988 /* Sources */ = {
			isa = PBXSourcesBuildPhase;
			buildActionMask = 2147483647;
			files = (
				52A19E862BAB296500ACA988 /* ContentView.swift in Sources */,
				52A19E842BAB296500ACA988 /* MarvelApp.swift in Sources */,
			);
			runOnlyForDeploymentPostprocessing = 0;
		};
		52A19E8C2BAB296900ACA988 /* Sources */ = {
			isa = PBXSourcesBuildPhase;
			buildActionMask = 2147483647;
			files = (
				52A19E952BAB296900ACA988 /* MarvelTests.swift in Sources */,
			);
			runOnlyForDeploymentPostprocessing = 0;
		};
		52A19E962BAB296900ACA988 /* Sources */ = {
			isa = PBXSourcesBuildPhase;
			buildActionMask = 2147483647;
			files = (
				52A19E9F2BAB296900ACA988 /* MarvelUITests.swift in Sources */,
				52A19EA12BAB296900ACA988 /* MarvelUITestsLaunchTests.swift in Sources */,
			);
			runOnlyForDeploymentPostprocessing = 0;
		};
/* End PBXSourcesBuildPhase section */

/* Begin PBXTargetDependency section */
		52A19E922BAB296900ACA988 /* PBXTargetDependency */ = {
			isa = PBXTargetDependency;
			target = 52A19E7F2BAB296500ACA988 /* Marvel */;
			targetProxy = 52A19E912BAB296900ACA988 /* PBXContainerItemProxy */;
		};
		52A19E9C2BAB296900ACA988 /* PBXTargetDependency */ = {
			isa = PBXTargetDependency;
			target = 52A19E7F2BAB296500ACA988 /* Marvel */;
			targetProxy = 52A19E9B2BAB296900ACA988 /* PBXContainerItemProxy */;
		};
/* End PBXTargetDependency section */

/* Begin XCBuildConfiguration section */
		52A19EA22BAB296900ACA988 /* Debug */ = {
			isa = XCBuildConfiguration;
			buildSettings = {
				ALWAYS_SEARCH_USER_PATHS = NO;
				ASSETCATALOG_COMPILER_GENERATE_SWIFT_ASSET_SYMBOL_EXTENSIONS = YES;
				CLANG_ANALYZER_NONNULL = YES;
				CLANG_ANALYZER_NUMBER_OBJECT_CONVERSION = YES_AGGRESSIVE;
				CLANG_CXX_LANGUAGE_STANDARD = "gnu++20";
				CLANG_ENABLE_MODULES = YES;
				CLANG_ENABLE_OBJC_ARC = YES;
				CLANG_ENABLE_OBJC_WEAK = YES;
				CLANG_WARN_BLOCK_CAPTURE_AUTORELEASING = YES;
				CLANG_WARN_BOOL_CONVERSION = YES;
				CLANG_WARN_COMMA = YES;
				CLANG_WARN_CONSTANT_CONVERSION = YES;
				CLANG_WARN_DEPRECATED_OBJC_IMPLEMENTATIONS = YES;
				CLANG_WARN_DIRECT_OBJC_ISA_USAGE = YES_ERROR;
				CLANG_WARN_DOCUMENTATION_COMMENTS = YES;
				CLANG_WARN_EMPTY_BODY = YES;
				CLANG_WARN_ENUM_CONVERSION = YES;
				CLANG_WARN_INFINITE_RECURSION = YES;
				CLANG_WARN_INT_CONVERSION = YES;
				CLANG_WARN_NON_LITERAL_NULL_CONVERSION = YES;
				CLANG_WARN_OBJC_IMPLICIT_RETAIN_SELF = YES;
				CLANG_WARN_OBJC_LITERAL_CONVERSION = YES;
				CLANG_WARN_OBJC_ROOT_CLASS = YES_ERROR;
				CLANG_WARN_QUOTED_INCLUDE_IN_FRAMEWORK_HEADER = YES;
				CLANG_WARN_RANGE_LOOP_ANALYSIS = YES;
				CLANG_WARN_STRICT_PROTOTYPES = YES;
				CLANG_WARN_SUSPICIOUS_MOVE = YES;
				CLANG_WARN_UNGUARDED_AVAILABILITY = YES_AGGRESSIVE;
				CLANG_WARN_UNREACHABLE_CODE = YES;
				CLANG_WARN__DUPLICATE_METHOD_MATCH = YES;
				COPY_PHASE_STRIP = NO;
				DEBUG_INFORMATION_FORMAT = dwarf;
				ENABLE_STRICT_OBJC_MSGSEND = YES;
				ENABLE_TESTABILITY = YES;
				ENABLE_USER_SCRIPT_SANDBOXING = YES;
				GCC_C_LANGUAGE_STANDARD = gnu17;
				GCC_DYNAMIC_NO_PIC = NO;
				GCC_NO_COMMON_BLOCKS = YES;
				GCC_OPTIMIZATION_LEVEL = 0;
				GCC_PREPROCESSOR_DEFINITIONS = (
					"DEBUG=1",
					"$(inherited)",
				);
				GCC_WARN_64_TO_32_BIT_CONVERSION = YES;
				GCC_WARN_ABOUT_RETURN_TYPE = YES_ERROR;
				GCC_WARN_UNDECLARED_SELECTOR = YES;
				GCC_WARN_UNINITIALIZED_AUTOS = YES_AGGRESSIVE;
				GCC_WARN_UNUSED_FUNCTION = YES;
				GCC_WARN_UNUSED_VARIABLE = YES;
				IPHONEOS_DEPLOYMENT_TARGET = 17.2;
				LOCALIZATION_PREFERS_STRING_CATALOGS = YES;
				MTL_ENABLE_DEBUG_INFO = INCLUDE_SOURCE;
				MTL_FAST_MATH = YES;
				ONLY_ACTIVE_ARCH = YES;
				SDKROOT = iphoneos;
				SWIFT_ACTIVE_COMPILATION_CONDITIONS = "DEBUG $(inherited)";
				SWIFT_OPTIMIZATION_LEVEL = "-Onone";
			};
			name = Debug;
		};
		52A19EA32BAB296900ACA988 /* Release */ = {
			isa = XCBuildConfiguration;
			buildSettings = {
				ALWAYS_SEARCH_USER_PATHS = NO;
				ASSETCATALOG_COMPILER_GENERATE_SWIFT_ASSET_SYMBOL_EXTENSIONS = YES;
				CLANG_ANALYZER_NONNULL = YES;
				CLANG_ANALYZER_NUMBER_OBJECT_CONVERSION = YES_AGGRESSIVE;
				CLANG_CXX_LANGUAGE_STANDARD = "gnu++20";
				CLANG_ENABLE_MODULES = YES;
				CLANG_ENABLE_OBJC_ARC = YES;
				CLANG_ENABLE_OBJC_WEAK = YES;
				CLANG_WARN_BLOCK_CAPTURE_AUTORELEASING = YES;
				CLANG_WARN_BOOL_CONVERSION = YES;
				CLANG_WARN_COMMA = YES;
				CLANG_WARN_CONSTANT_CONVERSION = YES;
				CLANG_WARN_DEPRECATED_OBJC_IMPLEMENTATIONS = YES;
				CLANG_WARN_DIRECT_OBJC_ISA_USAGE = YES_ERROR;
				CLANG_WARN_DOCUMENTATION_COMMENTS = YES;
				CLANG_WARN_EMPTY_BODY = YES;
				CLANG_WARN_ENUM_CONVERSION = YES;
				CLANG_WARN_INFINITE_RECURSION = YES;
				CLANG_WARN_INT_CONVERSION = YES;
				CLANG_WARN_NON_LITERAL_NULL_CONVERSION = YES;
				CLANG_WARN_OBJC_IMPLICIT_RETAIN_SELF = YES;
				CLANG_WARN_OBJC_LITERAL_CONVERSION = YES;
				CLANG_WARN_OBJC_ROOT_CLASS = YES_ERROR;
				CLANG_WARN_QUOTED_INCLUDE_IN_FRAMEWORK_HEADER = YES;
				CLANG_WARN_RANGE_LOOP_ANALYSIS = YES;
				CLANG_WARN_STRICT_PROTOTYPES = YES;
				CLANG_WARN_SUSPICIOUS_MOVE = YES;
				CLANG_WARN_UNGUARDED_AVAILABILITY = YES_AGGRESSIVE;
				CLANG_WARN_UNREACHABLE_CODE = YES;
				CLANG_WARN__DUPLICATE_METHOD_MATCH = YES;
				COPY_PHASE_STRIP = NO;
				DEBUG_INFORMATION_FORMAT = "dwarf-with-dsym";
				ENABLE_NS_ASSERTIONS = NO;
				ENABLE_STRICT_OBJC_MSGSEND = YES;
				ENABLE_USER_SCRIPT_SANDBOXING = YES;
				GCC_C_LANGUAGE_STANDARD = gnu17;
				GCC_NO_COMMON_BLOCKS = YES;
				GCC_WARN_64_TO_32_BIT_CONVERSION = YES;
				GCC_WARN_ABOUT_RETURN_TYPE = YES_ERROR;
				GCC_WARN_UNDECLARED_SELECTOR = YES;
				GCC_WARN_UNINITIALIZED_AUTOS = YES_AGGRESSIVE;
				GCC_WARN_UNUSED_FUNCTION = YES;
				GCC_WARN_UNUSED_VARIABLE = YES;
				IPHONEOS_DEPLOYMENT_TARGET = 17.2;
				LOCALIZATION_PREFERS_STRING_CATALOGS = YES;
				MTL_ENABLE_DEBUG_INFO = NO;
				MTL_FAST_MATH = YES;
				SDKROOT = iphoneos;
				SWIFT_COMPILATION_MODE = wholemodule;
				VALIDATE_PRODUCT = YES;
			};
			name = Release;
		};
		52A19EA52BAB296900ACA988 /* Debug */ = {
			isa = XCBuildConfiguration;
			buildSettings = {
				ASSETCATALOG_COMPILER_APPICON_NAME = AppIcon;
				ASSETCATALOG_COMPILER_GLOBAL_ACCENT_COLOR_NAME = AccentColor;
				CODE_SIGN_STYLE = Automatic;
				CURRENT_PROJECT_VERSION = 1;
				DEVELOPMENT_ASSET_PATHS = "\"Marvel/Preview Content\"";
				DEVELOPMENT_TEAM = 37CGX9JX84;
				ENABLE_PREVIEWS = YES;
				GENERATE_INFOPLIST_FILE = YES;
				INFOPLIST_KEY_UIApplicationSceneManifest_Generation = YES;
				INFOPLIST_KEY_UIApplicationSupportsIndirectInputEvents = YES;
				INFOPLIST_KEY_UILaunchScreen_Generation = YES;
				INFOPLIST_KEY_UISupportedInterfaceOrientations_iPad = "UIInterfaceOrientationPortrait UIInterfaceOrientationPortraitUpsideDown UIInterfaceOrientationLandscapeLeft UIInterfaceOrientationLandscapeRight";
				INFOPLIST_KEY_UISupportedInterfaceOrientations_iPhone = "UIInterfaceOrientationPortrait UIInterfaceOrientationLandscapeLeft UIInterfaceOrientationLandscapeRight";
				LD_RUNPATH_SEARCH_PATHS = (
					"$(inherited)",
					"@executable_path/Frameworks",
				);
				MARKETING_VERSION = 1.0;
				PRODUCT_BUNDLE_IDENTIFIER = com.endava.Marvel;
				PRODUCT_NAME = "$(TARGET_NAME)";
				SWIFT_EMIT_LOC_STRINGS = YES;
				SWIFT_VERSION = 5.0;
				TARGETED_DEVICE_FAMILY = "1,2";
			};
			name = Debug;
		};
		52A19EA62BAB296900ACA988 /* Release */ = {
			isa = XCBuildConfiguration;
			buildSettings = {
				ASSETCATALOG_COMPILER_APPICON_NAME = AppIcon;
				ASSETCATALOG_COMPILER_GLOBAL_ACCENT_COLOR_NAME = AccentColor;
				CODE_SIGN_STYLE = Automatic;
				CURRENT_PROJECT_VERSION = 1;
				DEVELOPMENT_ASSET_PATHS = "\"Marvel/Preview Content\"";
				DEVELOPMENT_TEAM = 37CGX9JX84;
				ENABLE_PREVIEWS = YES;
				GENERATE_INFOPLIST_FILE = YES;
				INFOPLIST_KEY_UIApplicationSceneManifest_Generation = YES;
				INFOPLIST_KEY_UIApplicationSupportsIndirectInputEvents = YES;
				INFOPLIST_KEY_UILaunchScreen_Generation = YES;
				INFOPLIST_KEY_UISupportedInterfaceOrientations_iPad = "UIInterfaceOrientationPortrait UIInterfaceOrientationPortraitUpsideDown UIInterfaceOrientationLandscapeLeft UIInterfaceOrientationLandscapeRight";
				INFOPLIST_KEY_UISupportedInterfaceOrientations_iPhone = "UIInterfaceOrientationPortrait UIInterfaceOrientationLandscapeLeft UIInterfaceOrientationLandscapeRight";
				LD_RUNPATH_SEARCH_PATHS = (
					"$(inherited)",
					"@executable_path/Frameworks",
				);
				MARKETING_VERSION = 1.0;
				PRODUCT_BUNDLE_IDENTIFIER = com.endava.Marvel;
				PRODUCT_NAME = "$(TARGET_NAME)";
				SWIFT_EMIT_LOC_STRINGS = YES;
				SWIFT_VERSION = 5.0;
				TARGETED_DEVICE_FAMILY = "1,2";
			};
			name = Release;
		};
		52A19EA82BAB296900ACA988 /* Debug */ = {
			isa = XCBuildConfiguration;
			buildSettings = {
				ALWAYS_EMBED_SWIFT_STANDARD_LIBRARIES = YES;
				BUNDLE_LOADER = "$(TEST_HOST)";
				CODE_SIGN_STYLE = Automatic;
				CURRENT_PROJECT_VERSION = 1;
				DEVELOPMENT_TEAM = 37CGX9JX84;
				GENERATE_INFOPLIST_FILE = YES;
				IPHONEOS_DEPLOYMENT_TARGET = 17.2;
				MARKETING_VERSION = 1.0;
				PRODUCT_BUNDLE_IDENTIFIER = com.endava.MarvelTests;
				PRODUCT_NAME = "$(TARGET_NAME)";
				SWIFT_EMIT_LOC_STRINGS = NO;
				SWIFT_VERSION = 5.0;
				TARGETED_DEVICE_FAMILY = "1,2";
				TEST_HOST = "$(BUILT_PRODUCTS_DIR)/Marvel.app/$(BUNDLE_EXECUTABLE_FOLDER_PATH)/Marvel";
			};
			name = Debug;
		};
		52A19EA92BAB296900ACA988 /* Release */ = {
			isa = XCBuildConfiguration;
			buildSettings = {
				ALWAYS_EMBED_SWIFT_STANDARD_LIBRARIES = YES;
				BUNDLE_LOADER = "$(TEST_HOST)";
				CODE_SIGN_STYLE = Automatic;
				CURRENT_PROJECT_VERSION = 1;
				DEVELOPMENT_TEAM = 37CGX9JX84;
				GENERATE_INFOPLIST_FILE = YES;
				IPHONEOS_DEPLOYMENT_TARGET = 17.2;
				MARKETING_VERSION = 1.0;
				PRODUCT_BUNDLE_IDENTIFIER = com.endava.MarvelTests;
				PRODUCT_NAME = "$(TARGET_NAME)";
				SWIFT_EMIT_LOC_STRINGS = NO;
				SWIFT_VERSION = 5.0;
				TARGETED_DEVICE_FAMILY = "1,2";
				TEST_HOST = "$(BUILT_PRODUCTS_DIR)/Marvel.app/$(BUNDLE_EXECUTABLE_FOLDER_PATH)/Marvel";
			};
			name = Release;
		};
		52A19EAB2BAB296900ACA988 /* Debug */ = {
			isa = XCBuildConfiguration;
			buildSettings = {
				ALWAYS_EMBED_SWIFT_STANDARD_LIBRARIES = YES;
				CODE_SIGN_STYLE = Automatic;
				CURRENT_PROJECT_VERSION = 1;
				DEVELOPMENT_TEAM = 37CGX9JX84;
				GENERATE_INFOPLIST_FILE = YES;
				MARKETING_VERSION = 1.0;
				PRODUCT_BUNDLE_IDENTIFIER = com.endava.MarvelUITests;
				PRODUCT_NAME = "$(TARGET_NAME)";
				SWIFT_EMIT_LOC_STRINGS = NO;
				SWIFT_VERSION = 5.0;
				TARGETED_DEVICE_FAMILY = "1,2";
				TEST_TARGET_NAME = Marvel;
			};
			name = Debug;
		};
		52A19EAC2BAB296900ACA988 /* Release */ = {
			isa = XCBuildConfiguration;
			buildSettings = {
				ALWAYS_EMBED_SWIFT_STANDARD_LIBRARIES = YES;
				CODE_SIGN_STYLE = Automatic;
				CURRENT_PROJECT_VERSION = 1;
				DEVELOPMENT_TEAM = 37CGX9JX84;
				GENERATE_INFOPLIST_FILE = YES;
				MARKETING_VERSION = 1.0;
				PRODUCT_BUNDLE_IDENTIFIER = com.endava.MarvelUITests;
				PRODUCT_NAME = "$(TARGET_NAME)";
				SWIFT_EMIT_LOC_STRINGS = NO;
				SWIFT_VERSION = 5.0;
				TARGETED_DEVICE_FAMILY = "1,2";
				TEST_TARGET_NAME = Marvel;
			};
			name = Release;
		};
/* End XCBuildConfiguration section */

/* Begin XCConfigurationList section */
		52A19E7B2BAB296500ACA988 /* Build configuration list for PBXProject "Marvel" */ = {
			isa = XCConfigurationList;
			buildConfigurations = (
				52A19EA22BAB296900ACA988 /* Debug */,
				52A19EA32BAB296900ACA988 /* Release */,
			);
			defaultConfigurationIsVisible = 0;
			defaultConfigurationName = Release;
		};
		52A19EA42BAB296900ACA988 /* Build configuration list for PBXNativeTarget "Marvel" */ = {
			isa = XCConfigurationList;
			buildConfigurations = (
				52A19EA52BAB296900ACA988 /* Debug */,
				52A19EA62BAB296900ACA988 /* Release */,
			);
			defaultConfigurationIsVisible = 0;
			defaultConfigurationName = Release;
		};
		52A19EA72BAB296900ACA988 /* Build configuration list for PBXNativeTarget "MarvelTests" */ = {
			isa = XCConfigurationList;
			buildConfigurations = (
				52A19EA82BAB296900ACA988 /* Debug */,
				52A19EA92BAB296900ACA988 /* Release */,
			);
			defaultConfigurationIsVisible = 0;
			defaultConfigurationName = Release;
		};
		52A19EAA2BAB296900ACA988 /* Build configuration list for PBXNativeTarget "MarvelUITests" */ = {
			isa = XCConfigurationList;
			buildConfigurations = (
				52A19EAB2BAB296900ACA988 /* Debug */,
				52A19EAC2BAB296900ACA988 /* Release */,
			);
			defaultConfigurationIsVisible = 0;
			defaultConfigurationName = Release;
		};
/* End XCConfigurationList section */
	};
	rootObject = 52A19E782BAB296500ACA988 /* Project object */;
}
