// !$*UTF8*$!
{
	archiveVersion = 1;
	classes = {
	};
	objectVersion = 56;
	objects = {

/* Begin PBXBuildFile section */
		5222769D2BB3BDAF0000FE41 /* AllCharactersResponse.swift in Sources */ = {isa = PBXBuildFile; fileRef = 5222769C2BB3BDAF0000FE41 /* AllCharactersResponse.swift */; };
		5222769F2BB3BEA00000FE41 /* AllCharactersData.swift in Sources */ = {isa = PBXBuildFile; fileRef = 5222769E2BB3BEA00000FE41 /* AllCharactersData.swift */; };
		522276A12BB3BEF60000FE41 /* Character.swift in Sources */ = {isa = PBXBuildFile; fileRef = 522276A02BB3BEF60000FE41 /* Character.swift */; };
		522276A32BB3BF310000FE41 /* Thumbnail.swift in Sources */ = {isa = PBXBuildFile; fileRef = 522276A22BB3BF310000FE41 /* Thumbnail.swift */; };
		522276A52BB3BF590000FE41 /* Comics.swift in Sources */ = {isa = PBXBuildFile; fileRef = 522276A42BB3BF590000FE41 /* Comics.swift */; };
		522276A72BB3BF760000FE41 /* Series.swift in Sources */ = {isa = PBXBuildFile; fileRef = 522276A62BB3BF760000FE41 /* Series.swift */; };
		522276A92BB3BFAF0000FE41 /* Stories.swift in Sources */ = {isa = PBXBuildFile; fileRef = 522276A82BB3BFAF0000FE41 /* Stories.swift */; };
		522276AB2BB3BFCE0000FE41 /* EventList.swift in Sources */ = {isa = PBXBuildFile; fileRef = 522276AA2BB3BFCE0000FE41 /* EventList.swift */; };
		522276AD2BB3BFF20000FE41 /* UrlsItem.swift in Sources */ = {isa = PBXBuildFile; fileRef = 522276AC2BB3BFF20000FE41 /* UrlsItem.swift */; };
		522276AF2BB3C03C0000FE41 /* ComicsItem.swift in Sources */ = {isa = PBXBuildFile; fileRef = 522276AE2BB3C03C0000FE41 /* ComicsItem.swift */; };
		522276B22BB3C09D0000FE41 /* SeriesItem.swift in Sources */ = {isa = PBXBuildFile; fileRef = 522276B12BB3C09D0000FE41 /* SeriesItem.swift */; };
		522276B42BB3C10F0000FE41 /* StoriesItem.swift in Sources */ = {isa = PBXBuildFile; fileRef = 522276B32BB3C10F0000FE41 /* StoriesItem.swift */; };
		522276B62BB3C17A0000FE41 /* EventSummary.swift in Sources */ = {isa = PBXBuildFile; fileRef = 522276B52BB3C17A0000FE41 /* EventSummary.swift */; };
		522276B92BB3D2140000FE41 /* HomeView.swift in Sources */ = {isa = PBXBuildFile; fileRef = 522276B82BB3D2140000FE41 /* HomeView.swift */; };
		522276BB2BB3D22B0000FE41 /* HomeViewModel.swift in Sources */ = {isa = PBXBuildFile; fileRef = 522276BA2BB3D22B0000FE41 /* HomeViewModel.swift */; };
		522276BD2BB3DE730000FE41 /* MovieCell.swift in Sources */ = {isa = PBXBuildFile; fileRef = 522276BC2BB3DE730000FE41 /* MovieCell.swift */; };
		522276BF2BB5BB6E0000FE41 /* SelectedMovieData.swift in Sources */ = {isa = PBXBuildFile; fileRef = 522276BE2BB5BB6E0000FE41 /* SelectedMovieData.swift */; };
		522276C12BB675CA0000FE41 /* MovieFetchUseCase.swift in Sources */ = {isa = PBXBuildFile; fileRef = 522276C02BB675CA0000FE41 /* MovieFetchUseCase.swift */; };
		522276C32BB676590000FE41 /* MarvelRepository.swift in Sources */ = {isa = PBXBuildFile; fileRef = 522276C22BB676590000FE41 /* MarvelRepository.swift */; };
		522276C52BB678EC0000FE41 /* MarvelApi.swift in Sources */ = {isa = PBXBuildFile; fileRef = 522276C42BB678EC0000FE41 /* MarvelApi.swift */; };
		522276C82BB67B7F0000FE41 /* CharacterError.swift in Sources */ = {isa = PBXBuildFile; fileRef = 522276C72BB67B7F0000FE41 /* CharacterError.swift */; };
		52530C682BC995DF0019855B /* ComicDataWrrapper.swift in Sources */ = {isa = PBXBuildFile; fileRef = 52530C672BC995DF0019855B /* ComicDataWrrapper.swift */; };
		52530C6A2BC996F00019855B /* ComicDataContainer.swift in Sources */ = {isa = PBXBuildFile; fileRef = 52530C692BC996F00019855B /* ComicDataContainer.swift */; };
		52530C6C2BC997B80019855B /* Comic.swift in Sources */ = {isa = PBXBuildFile; fileRef = 52530C6B2BC997B80019855B /* Comic.swift */; };
		52530C6E2BC99BA70019855B /* ComicDate.swift in Sources */ = {isa = PBXBuildFile; fileRef = 52530C6D2BC99BA70019855B /* ComicDate.swift */; };
		52530C702BC99C170019855B /* TextObject.swift in Sources */ = {isa = PBXBuildFile; fileRef = 52530C6F2BC99C170019855B /* TextObject.swift */; };
		52530C722BC99E230019855B /* ComicPrice.swift in Sources */ = {isa = PBXBuildFile; fileRef = 52530C712BC99E230019855B /* ComicPrice.swift */; };
		52530C742BC99E680019855B /* CreatorList.swift in Sources */ = {isa = PBXBuildFile; fileRef = 52530C732BC99E680019855B /* CreatorList.swift */; };
		52530C762BC99E8F0019855B /* CreatorSummary.swift in Sources */ = {isa = PBXBuildFile; fileRef = 52530C752BC99E8F0019855B /* CreatorSummary.swift */; };
		52530C782BC99EC70019855B /* StoryList.swift in Sources */ = {isa = PBXBuildFile; fileRef = 52530C772BC99EC70019855B /* StoryList.swift */; };
		52530C7A2BC99F070019855B /* CharacterList.swift in Sources */ = {isa = PBXBuildFile; fileRef = 52530C792BC99F070019855B /* CharacterList.swift */; };
		52530C7C2BC99F490019855B /* CharacterSummary.swift in Sources */ = {isa = PBXBuildFile; fileRef = 52530C7B2BC99F490019855B /* CharacterSummary.swift */; };
		52530C7E2BC9A6D80019855B /* ComicError.swift in Sources */ = {isa = PBXBuildFile; fileRef = 52530C7D2BC9A6D80019855B /* ComicError.swift */; };
		52530C802BC9D6EA0019855B /* ComicImage.swift in Sources */ = {isa = PBXBuildFile; fileRef = 52530C7F2BC9D6EA0019855B /* ComicImage.swift */; };
		52530C822BCD68230019855B /* SeriesSummary.swift in Sources */ = {isa = PBXBuildFile; fileRef = 52530C812BCD68230019855B /* SeriesSummary.swift */; };
		52530C842BCD6AE20019855B /* ComicSummary.swift in Sources */ = {isa = PBXBuildFile; fileRef = 52530C832BCD6AE20019855B /* ComicSummary.swift */; };
		52530C862BCD6EBD0019855B /* StorySummary.swift in Sources */ = {isa = PBXBuildFile; fileRef = 52530C852BCD6EBD0019855B /* StorySummary.swift */; };
		52530C882BCDBCF30019855B /* SideBarOption.swift in Sources */ = {isa = PBXBuildFile; fileRef = 52530C872BCDBCF30019855B /* SideBarOption.swift */; };
		52530C8A2BD0027E0019855B /* MarvelApiTests.swift in Sources */ = {isa = PBXBuildFile; fileRef = 52530C892BD0027E0019855B /* MarvelApiTests.swift */; };
		52530C8F2BD019270019855B /* MarvelResponse.swift in Sources */ = {isa = PBXBuildFile; fileRef = 52530C8E2BD019270019855B /* MarvelResponse.swift */; };
		528EA63B2BBDA3FA000B525B /* CharacterView.swift in Sources */ = {isa = PBXBuildFile; fileRef = 528EA63A2BBDA3FA000B525B /* CharacterView.swift */; };
		528EA63F2BBE03E4000B525B /* HomeListState.swift in Sources */ = {isa = PBXBuildFile; fileRef = 528EA63E2BBE03E4000B525B /* HomeListState.swift */; };
		528EA6422BBF2E8C000B525B /* ComicView.swift in Sources */ = {isa = PBXBuildFile; fileRef = 528EA6412BBF2E8C000B525B /* ComicView.swift */; };
		52A19E842BAB296500ACA988 /* MarvelApp.swift in Sources */ = {isa = PBXBuildFile; fileRef = 52A19E832BAB296500ACA988 /* MarvelApp.swift */; };
		52A19E862BAB296500ACA988 /* ContentView.swift in Sources */ = {isa = PBXBuildFile; fileRef = 52A19E852BAB296500ACA988 /* ContentView.swift */; };
		52A19E882BAB296800ACA988 /* Assets.xcassets in Resources */ = {isa = PBXBuildFile; fileRef = 52A19E872BAB296800ACA988 /* Assets.xcassets */; };
		52A19E8B2BAB296800ACA988 /* Preview Assets.xcassets in Resources */ = {isa = PBXBuildFile; fileRef = 52A19E8A2BAB296800ACA988 /* Preview Assets.xcassets */; };
		52A19E952BAB296900ACA988 /* MarvelTests.swift in Sources */ = {isa = PBXBuildFile; fileRef = 52A19E942BAB296900ACA988 /* MarvelTests.swift */; };
		52A19E9F2BAB296900ACA988 /* MarvelUITests.swift in Sources */ = {isa = PBXBuildFile; fileRef = 52A19E9E2BAB296900ACA988 /* MarvelUITests.swift */; };
		52A19EA12BAB296900ACA988 /* MarvelUITestsLaunchTests.swift in Sources */ = {isa = PBXBuildFile; fileRef = 52A19EA02BAB296900ACA988 /* MarvelUITestsLaunchTests.swift */; };
		52A19EB72BAB2D9800ACA988 /* Colors.xcassets in Resources */ = {isa = PBXBuildFile; fileRef = 52A19EB62BAB2D9800ACA988 /* Colors.xcassets */; };
		52A19EBF2BAE027C00ACA988 /* Localizable.strings in Resources */ = {isa = PBXBuildFile; fileRef = 52A19EBE2BAE027C00ACA988 /* Localizable.strings */; };
		DB8747642BD18E4C00BD6AF0 /* Config.swift in Sources */ = {isa = PBXBuildFile; fileRef = DB8747632BD18E4C00BD6AF0 /* Config.swift */; };
/* End PBXBuildFile section */

/* Begin PBXContainerItemProxy section */
		52A19E912BAB296900ACA988 /* PBXContainerItemProxy */ = {
			isa = PBXContainerItemProxy;
			containerPortal = 52A19E782BAB296500ACA988 /* Project object */;
			proxyType = 1;
			remoteGlobalIDString = 52A19E7F2BAB296500ACA988;
			remoteInfo = Marvel;
		};
		52A19E9B2BAB296900ACA988 /* PBXContainerItemProxy */ = {
			isa = PBXContainerItemProxy;
			containerPortal = 52A19E782BAB296500ACA988 /* Project object */;
			proxyType = 1;
			remoteGlobalIDString = 52A19E7F2BAB296500ACA988;
			remoteInfo = Marvel;
		};
/* End PBXContainerItemProxy section */

/* Begin PBXFileReference section */
		5222769C2BB3BDAF0000FE41 /* AllCharactersResponse.swift */ = {isa = PBXFileReference; lastKnownFileType = sourcecode.swift; path = AllCharactersResponse.swift; sourceTree = "<group>"; };
		5222769E2BB3BEA00000FE41 /* AllCharactersData.swift */ = {isa = PBXFileReference; lastKnownFileType = sourcecode.swift; path = AllCharactersData.swift; sourceTree = "<group>"; };
		522276A02BB3BEF60000FE41 /* Character.swift */ = {isa = PBXFileReference; lastKnownFileType = sourcecode.swift; path = Character.swift; sourceTree = "<group>"; };
		522276A22BB3BF310000FE41 /* Thumbnail.swift */ = {isa = PBXFileReference; lastKnownFileType = sourcecode.swift; path = Thumbnail.swift; sourceTree = "<group>"; };
		522276A42BB3BF590000FE41 /* Comics.swift */ = {isa = PBXFileReference; lastKnownFileType = sourcecode.swift; path = Comics.swift; sourceTree = "<group>"; };
		522276A62BB3BF760000FE41 /* Series.swift */ = {isa = PBXFileReference; lastKnownFileType = sourcecode.swift; path = Series.swift; sourceTree = "<group>"; };
		522276A82BB3BFAF0000FE41 /* Stories.swift */ = {isa = PBXFileReference; lastKnownFileType = sourcecode.swift; path = Stories.swift; sourceTree = "<group>"; };
		522276AA2BB3BFCE0000FE41 /* EventList.swift */ = {isa = PBXFileReference; lastKnownFileType = sourcecode.swift; path = EventList.swift; sourceTree = "<group>"; };
		522276AC2BB3BFF20000FE41 /* UrlsItem.swift */ = {isa = PBXFileReference; lastKnownFileType = sourcecode.swift; path = UrlsItem.swift; sourceTree = "<group>"; };
		522276AE2BB3C03C0000FE41 /* ComicsItem.swift */ = {isa = PBXFileReference; lastKnownFileType = sourcecode.swift; path = ComicsItem.swift; sourceTree = "<group>"; };
		522276B12BB3C09D0000FE41 /* SeriesItem.swift */ = {isa = PBXFileReference; lastKnownFileType = sourcecode.swift; path = SeriesItem.swift; sourceTree = "<group>"; };
		522276B32BB3C10F0000FE41 /* StoriesItem.swift */ = {isa = PBXFileReference; lastKnownFileType = sourcecode.swift; path = StoriesItem.swift; sourceTree = "<group>"; };
		522276B52BB3C17A0000FE41 /* EventSummary.swift */ = {isa = PBXFileReference; lastKnownFileType = sourcecode.swift; path = EventSummary.swift; sourceTree = "<group>"; };
		522276B82BB3D2140000FE41 /* HomeView.swift */ = {isa = PBXFileReference; lastKnownFileType = sourcecode.swift; path = HomeView.swift; sourceTree = "<group>"; };
		522276BA2BB3D22B0000FE41 /* HomeViewModel.swift */ = {isa = PBXFileReference; lastKnownFileType = sourcecode.swift; path = HomeViewModel.swift; sourceTree = "<group>"; };
		522276BC2BB3DE730000FE41 /* MovieCell.swift */ = {isa = PBXFileReference; lastKnownFileType = sourcecode.swift; path = MovieCell.swift; sourceTree = "<group>"; };
		522276BE2BB5BB6E0000FE41 /* SelectedMovieData.swift */ = {isa = PBXFileReference; lastKnownFileType = sourcecode.swift; path = SelectedMovieData.swift; sourceTree = "<group>"; };
		522276C02BB675CA0000FE41 /* MovieFetchUseCase.swift */ = {isa = PBXFileReference; lastKnownFileType = sourcecode.swift; path = MovieFetchUseCase.swift; sourceTree = "<group>"; };
		522276C22BB676590000FE41 /* MarvelRepository.swift */ = {isa = PBXFileReference; lastKnownFileType = sourcecode.swift; path = MarvelRepository.swift; sourceTree = "<group>"; };
		522276C42BB678EC0000FE41 /* MarvelApi.swift */ = {isa = PBXFileReference; lastKnownFileType = sourcecode.swift; path = MarvelApi.swift; sourceTree = "<group>"; };
		522276C72BB67B7F0000FE41 /* CharacterError.swift */ = {isa = PBXFileReference; lastKnownFileType = sourcecode.swift; path = CharacterError.swift; sourceTree = "<group>"; };
		52530C672BC995DF0019855B /* ComicDataWrrapper.swift */ = {isa = PBXFileReference; lastKnownFileType = sourcecode.swift; path = ComicDataWrrapper.swift; sourceTree = "<group>"; };
		52530C692BC996F00019855B /* ComicDataContainer.swift */ = {isa = PBXFileReference; lastKnownFileType = sourcecode.swift; path = ComicDataContainer.swift; sourceTree = "<group>"; };
		52530C6B2BC997B80019855B /* Comic.swift */ = {isa = PBXFileReference; lastKnownFileType = sourcecode.swift; path = Comic.swift; sourceTree = "<group>"; };
		52530C6D2BC99BA70019855B /* ComicDate.swift */ = {isa = PBXFileReference; lastKnownFileType = sourcecode.swift; path = ComicDate.swift; sourceTree = "<group>"; };
		52530C6F2BC99C170019855B /* TextObject.swift */ = {isa = PBXFileReference; lastKnownFileType = sourcecode.swift; path = TextObject.swift; sourceTree = "<group>"; };
		52530C712BC99E230019855B /* ComicPrice.swift */ = {isa = PBXFileReference; lastKnownFileType = sourcecode.swift; path = ComicPrice.swift; sourceTree = "<group>"; };
		52530C732BC99E680019855B /* CreatorList.swift */ = {isa = PBXFileReference; lastKnownFileType = sourcecode.swift; path = CreatorList.swift; sourceTree = "<group>"; };
		52530C752BC99E8F0019855B /* CreatorSummary.swift */ = {isa = PBXFileReference; lastKnownFileType = sourcecode.swift; path = CreatorSummary.swift; sourceTree = "<group>"; };
		52530C772BC99EC70019855B /* StoryList.swift */ = {isa = PBXFileReference; lastKnownFileType = sourcecode.swift; path = StoryList.swift; sourceTree = "<group>"; };
		52530C792BC99F070019855B /* CharacterList.swift */ = {isa = PBXFileReference; lastKnownFileType = sourcecode.swift; path = CharacterList.swift; sourceTree = "<group>"; };
		52530C7B2BC99F490019855B /* CharacterSummary.swift */ = {isa = PBXFileReference; lastKnownFileType = sourcecode.swift; path = CharacterSummary.swift; sourceTree = "<group>"; };
		52530C7D2BC9A6D80019855B /* ComicError.swift */ = {isa = PBXFileReference; lastKnownFileType = sourcecode.swift; path = ComicError.swift; sourceTree = "<group>"; };
		52530C7F2BC9D6EA0019855B /* ComicImage.swift */ = {isa = PBXFileReference; lastKnownFileType = sourcecode.swift; path = ComicImage.swift; sourceTree = "<group>"; };
		52530C812BCD68230019855B /* SeriesSummary.swift */ = {isa = PBXFileReference; lastKnownFileType = sourcecode.swift; path = SeriesSummary.swift; sourceTree = "<group>"; };
		52530C832BCD6AE20019855B /* ComicSummary.swift */ = {isa = PBXFileReference; lastKnownFileType = sourcecode.swift; path = ComicSummary.swift; sourceTree = "<group>"; };
		52530C852BCD6EBD0019855B /* StorySummary.swift */ = {isa = PBXFileReference; lastKnownFileType = sourcecode.swift; path = StorySummary.swift; sourceTree = "<group>"; };
		52530C872BCDBCF30019855B /* SideBarOption.swift */ = {isa = PBXFileReference; lastKnownFileType = sourcecode.swift; path = SideBarOption.swift; sourceTree = "<group>"; };
		52530C892BD0027E0019855B /* MarvelApiTests.swift */ = {isa = PBXFileReference; lastKnownFileType = sourcecode.swift; path = MarvelApiTests.swift; sourceTree = "<group>"; };
		52530C8E2BD019270019855B /* MarvelResponse.swift */ = {isa = PBXFileReference; lastKnownFileType = sourcecode.swift; path = MarvelResponse.swift; sourceTree = "<group>"; };
		528EA63A2BBDA3FA000B525B /* CharacterView.swift */ = {isa = PBXFileReference; lastKnownFileType = sourcecode.swift; path = CharacterView.swift; sourceTree = "<group>"; };
		528EA63E2BBE03E4000B525B /* HomeListState.swift */ = {isa = PBXFileReference; lastKnownFileType = sourcecode.swift; path = HomeListState.swift; sourceTree = "<group>"; };
		528EA6412BBF2E8C000B525B /* ComicView.swift */ = {isa = PBXFileReference; lastKnownFileType = sourcecode.swift; path = ComicView.swift; sourceTree = "<group>"; };
		52A19E802BAB296500ACA988 /* Marvel.app */ = {isa = PBXFileReference; explicitFileType = wrapper.application; includeInIndex = 0; path = Marvel.app; sourceTree = BUILT_PRODUCTS_DIR; };
		52A19E832BAB296500ACA988 /* MarvelApp.swift */ = {isa = PBXFileReference; lastKnownFileType = sourcecode.swift; path = MarvelApp.swift; sourceTree = "<group>"; };
		52A19E852BAB296500ACA988 /* ContentView.swift */ = {isa = PBXFileReference; lastKnownFileType = sourcecode.swift; path = ContentView.swift; sourceTree = "<group>"; };
		52A19E872BAB296800ACA988 /* Assets.xcassets */ = {isa = PBXFileReference; lastKnownFileType = folder.assetcatalog; path = Assets.xcassets; sourceTree = "<group>"; };
		52A19E8A2BAB296800ACA988 /* Preview Assets.xcassets */ = {isa = PBXFileReference; lastKnownFileType = folder.assetcatalog; path = "Preview Assets.xcassets"; sourceTree = "<group>"; };
		52A19E902BAB296900ACA988 /* MarvelTests.xctest */ = {isa = PBXFileReference; explicitFileType = wrapper.cfbundle; includeInIndex = 0; path = MarvelTests.xctest; sourceTree = BUILT_PRODUCTS_DIR; };
		52A19E942BAB296900ACA988 /* MarvelTests.swift */ = {isa = PBXFileReference; lastKnownFileType = sourcecode.swift; path = MarvelTests.swift; sourceTree = "<group>"; };
		52A19E9A2BAB296900ACA988 /* MarvelUITests.xctest */ = {isa = PBXFileReference; explicitFileType = wrapper.cfbundle; includeInIndex = 0; path = MarvelUITests.xctest; sourceTree = BUILT_PRODUCTS_DIR; };
		52A19E9E2BAB296900ACA988 /* MarvelUITests.swift */ = {isa = PBXFileReference; lastKnownFileType = sourcecode.swift; path = MarvelUITests.swift; sourceTree = "<group>"; };
		52A19EA02BAB296900ACA988 /* MarvelUITestsLaunchTests.swift */ = {isa = PBXFileReference; lastKnownFileType = sourcecode.swift; path = MarvelUITestsLaunchTests.swift; sourceTree = "<group>"; };
		52A19EB62BAB2D9800ACA988 /* Colors.xcassets */ = {isa = PBXFileReference; lastKnownFileType = folder.assetcatalog; path = Colors.xcassets; sourceTree = "<group>"; };
		52A19EBE2BAE027C00ACA988 /* Localizable.strings */ = {isa = PBXFileReference; lastKnownFileType = text.plist.strings; path = Localizable.strings; sourceTree = "<group>"; };
		DB8747632BD18E4C00BD6AF0 /* Config.swift */ = {isa = PBXFileReference; lastKnownFileType = sourcecode.swift; path = Config.swift; sourceTree = "<group>"; };
/* End PBXFileReference section */

/* Begin PBXFrameworksBuildPhase section */
		52A19E7D2BAB296500ACA988 /* Frameworks */ = {
			isa = PBXFrameworksBuildPhase;
			buildActionMask = 2147483647;
			files = (
			);
			runOnlyForDeploymentPostprocessing = 0;
		};
		52A19E8D2BAB296900ACA988 /* Frameworks */ = {
			isa = PBXFrameworksBuildPhase;
			buildActionMask = 2147483647;
			files = (
			);
			runOnlyForDeploymentPostprocessing = 0;
		};
		52A19E972BAB296900ACA988 /* Frameworks */ = {
			isa = PBXFrameworksBuildPhase;
			buildActionMask = 2147483647;
			files = (
			);
			runOnlyForDeploymentPostprocessing = 0;
		};
/* End PBXFrameworksBuildPhase section */

/* Begin PBXGroup section */
		522276B72BB3C4FF0000FE41 /* HomeView */ = {
			isa = PBXGroup;
			children = (
				522276B82BB3D2140000FE41 /* HomeView.swift */,
				522276BA2BB3D22B0000FE41 /* HomeViewModel.swift */,
				528EA63E2BBE03E4000B525B /* HomeListState.swift */,
				52530C872BCDBCF30019855B /* SideBarOption.swift */,
			);
			path = HomeView;
			sourceTree = "<group>";
		};
		52530C8B2BD005DD0019855B /* Mocks */ = {
			isa = PBXGroup;
			children = (
				52530C8E2BD019270019855B /* MarvelResponse.swift */,
			);
			path = Mocks;
			sourceTree = "<group>";
		};
		528EA6382BBD9FB9000B525B /* CharacterModels */ = {
			isa = PBXGroup;
			children = (
				5222769C2BB3BDAF0000FE41 /* AllCharactersResponse.swift */,
				5222769E2BB3BEA00000FE41 /* AllCharactersData.swift */,
				522276A02BB3BEF60000FE41 /* Character.swift */,
				522276C72BB67B7F0000FE41 /* CharacterError.swift */,
				522276A42BB3BF590000FE41 /* Comics.swift */,
				522276AE2BB3C03C0000FE41 /* ComicsItem.swift */,
				522276A62BB3BF760000FE41 /* Series.swift */,
				522276B12BB3C09D0000FE41 /* SeriesItem.swift */,
				522276BE2BB5BB6E0000FE41 /* SelectedMovieData.swift */,
			);
			path = CharacterModels;
			sourceTree = "<group>";
		};
		528EA6392BBDA3CC000B525B /* CharacterView */ = {
			isa = PBXGroup;
			children = (
				528EA63A2BBDA3FA000B525B /* CharacterView.swift */,
			);
			path = CharacterView;
			sourceTree = "<group>";
		};
		528EA6402BBF2E67000B525B /* ComicView */ = {
			isa = PBXGroup;
			children = (
				528EA6412BBF2E8C000B525B /* ComicView.swift */,
			);
			path = ComicView;
			sourceTree = "<group>";
		};
		528EA6432BBF2FDA000B525B /* ComicModels */ = {
			isa = PBXGroup;
			children = (
				52530C672BC995DF0019855B /* ComicDataWrrapper.swift */,
				52530C692BC996F00019855B /* ComicDataContainer.swift */,
				52530C7B2BC99F490019855B /* CharacterSummary.swift */,
				52530C792BC99F070019855B /* CharacterList.swift */,
				52530C6B2BC997B80019855B /* Comic.swift */,
				52530C7D2BC9A6D80019855B /* ComicError.swift */,
				52530C732BC99E680019855B /* CreatorList.swift */,
				52530C752BC99E8F0019855B /* CreatorSummary.swift */,
				52530C6D2BC99BA70019855B /* ComicDate.swift */,
				52530C7F2BC9D6EA0019855B /* ComicImage.swift */,
				52530C712BC99E230019855B /* ComicPrice.swift */,
				52530C772BC99EC70019855B /* StoryList.swift */,
				52530C6F2BC99C170019855B /* TextObject.swift */,
				52530C812BCD68230019855B /* SeriesSummary.swift */,
				52530C832BCD6AE20019855B /* ComicSummary.swift */,
				52530C852BCD6EBD0019855B /* StorySummary.swift */,
			);
			path = ComicModels;
			sourceTree = "<group>";
		};
		52A19E772BAB296500ACA988 = {
			isa = PBXGroup;
			children = (
				52A19E822BAB296500ACA988 /* Marvel */,
				52A19E932BAB296900ACA988 /* MarvelTests */,
				52A19E9D2BAB296900ACA988 /* MarvelUITests */,
				52A19E812BAB296500ACA988 /* Products */,
			);
			sourceTree = "<group>";
		};
		52A19E812BAB296500ACA988 /* Products */ = {
			isa = PBXGroup;
			children = (
				52A19E802BAB296500ACA988 /* Marvel.app */,
				52A19E902BAB296900ACA988 /* MarvelTests.xctest */,
				52A19E9A2BAB296900ACA988 /* MarvelUITests.xctest */,
			);
			name = Products;
			sourceTree = "<group>";
		};
		52A19E822BAB296500ACA988 /* Marvel */ = {
			isa = PBXGroup;
			children = (
				52A19EBC2BAE023100ACA988 /* Core */,
				52A19EBB2BAE01D800ACA988 /* Clean */,
				52A19EAD2BAB2C7A00ACA988 /* Assets */,
				52A19E832BAB296500ACA988 /* MarvelApp.swift */,
				52A19E852BAB296500ACA988 /* ContentView.swift */,
				52A19E892BAB296800ACA988 /* Preview Content */,
			);
			path = Marvel;
			sourceTree = "<group>";
		};
		52A19E892BAB296800ACA988 /* Preview Content */ = {
			isa = PBXGroup;
			children = (
				52A19E8A2BAB296800ACA988 /* Preview Assets.xcassets */,
			);
			path = "Preview Content";
			sourceTree = "<group>";
		};
		52A19E932BAB296900ACA988 /* MarvelTests */ = {
			isa = PBXGroup;
			children = (
				52530C8B2BD005DD0019855B /* Mocks */,
				52A19E942BAB296900ACA988 /* MarvelTests.swift */,
				52530C892BD0027E0019855B /* MarvelApiTests.swift */,
			);
			path = MarvelTests;
			sourceTree = "<group>";
		};
		52A19E9D2BAB296900ACA988 /* MarvelUITests */ = {
			isa = PBXGroup;
			children = (
				52A19E9E2BAB296900ACA988 /* MarvelUITests.swift */,
				52A19EA02BAB296900ACA988 /* MarvelUITestsLaunchTests.swift */,
			);
			path = MarvelUITests;
			sourceTree = "<group>";
		};
		52A19EAD2BAB2C7A00ACA988 /* Assets */ = {
			isa = PBXGroup;
			children = (
				52A19E872BAB296800ACA988 /* Assets.xcassets */,
				52A19EB62BAB2D9800ACA988 /* Colors.xcassets */,
			);
			path = Assets;
			sourceTree = "<group>";
		};
		52A19EAE2BAB2C8900ACA988 /* Presentation */ = {
			isa = PBXGroup;
			children = (
				528EA6402BBF2E67000B525B /* ComicView */,
				528EA6392BBDA3CC000B525B /* CharacterView */,
				522276B72BB3C4FF0000FE41 /* HomeView */,
			);
			path = Presentation;
			sourceTree = "<group>";
		};
		52A19EAF2BAB2CAB00ACA988 /* Widgets */ = {
			isa = PBXGroup;
			children = (
				522276BC2BB3DE730000FE41 /* MovieCell.swift */,
			);
			path = Widgets;
			sourceTree = "<group>";
		};
		52A19EB02BAB2CBC00ACA988 /* Data */ = {
			isa = PBXGroup;
			children = (
				52A19EB12BAB2CD600ACA988 /* Api */,
			);
			path = Data;
			sourceTree = "<group>";
		};
		52A19EB12BAB2CD600ACA988 /* Api */ = {
			isa = PBXGroup;
			children = (
				522276C42BB678EC0000FE41 /* MarvelApi.swift */,
				DB8747632BD18E4C00BD6AF0 /* Config.swift */,
			);
			path = Api;
			sourceTree = "<group>";
		};
		52A19EB22BAB2D3100ACA988 /* Domain */ = {
			isa = PBXGroup;
			children = (
				52A19EB52BAB2D6A00ACA988 /* Repositories */,
				52A19EB42BAB2D5A00ACA988 /* UseCases */,
				52A19EB32BAB2D5100ACA988 /* Models */,
			);
			path = Domain;
			sourceTree = "<group>";
		};
		52A19EB32BAB2D5100ACA988 /* Models */ = {
			isa = PBXGroup;
			children = (
				528EA6432BBF2FDA000B525B /* ComicModels */,
				528EA6382BBD9FB9000B525B /* CharacterModels */,
				522276B52BB3C17A0000FE41 /* EventSummary.swift */,
				522276AA2BB3BFCE0000FE41 /* EventList.swift */,
				522276B32BB3C10F0000FE41 /* StoriesItem.swift */,
				522276A82BB3BFAF0000FE41 /* Stories.swift */,
				522276A22BB3BF310000FE41 /* Thumbnail.swift */,
				522276AC2BB3BFF20000FE41 /* UrlsItem.swift */,
			);
			path = Models;
			sourceTree = "<group>";
		};
		52A19EB42BAB2D5A00ACA988 /* UseCases */ = {
			isa = PBXGroup;
			children = (
				522276C02BB675CA0000FE41 /* MovieFetchUseCase.swift */,
			);
			path = UseCases;
			sourceTree = "<group>";
		};
		52A19EB52BAB2D6A00ACA988 /* Repositories */ = {
			isa = PBXGroup;
			children = (
				522276C22BB676590000FE41 /* MarvelRepository.swift */,
			);
			path = Repositories;
			sourceTree = "<group>";
		};
		52A19EBB2BAE01D800ACA988 /* Clean */ = {
			isa = PBXGroup;
			children = (
				52A19EB02BAB2CBC00ACA988 /* Data */,
				52A19EB22BAB2D3100ACA988 /* Domain */,
				52A19EAE2BAB2C8900ACA988 /* Presentation */,
				52A19EAF2BAB2CAB00ACA988 /* Widgets */,
			);
			path = Clean;
			sourceTree = "<group>";
		};
		52A19EBC2BAE023100ACA988 /* Core */ = {
			isa = PBXGroup;
			children = (
				52A19EBD2BAE024000ACA988 /* Resources */,
			);
			path = Core;
			sourceTree = "<group>";
		};
		52A19EBD2BAE024000ACA988 /* Resources */ = {
			isa = PBXGroup;
			children = (
				52A19EBE2BAE027C00ACA988 /* Localizable.strings */,
			);
			path = Resources;
			sourceTree = "<group>";
		};
/* End PBXGroup section */

/* Begin PBXNativeTarget section */
		52A19E7F2BAB296500ACA988 /* Marvel */ = {
			isa = PBXNativeTarget;
			buildConfigurationList = 52A19EA42BAB296900ACA988 /* Build configuration list for PBXNativeTarget "Marvel" */;
			buildPhases = (
				52A19E7C2BAB296500ACA988 /* Sources */,
				52A19E7D2BAB296500ACA988 /* Frameworks */,
				52A19E7E2BAB296500ACA988 /* Resources */,
			);
			buildRules = (
			);
			dependencies = (
			);
			name = Marvel;
			productName = Marvel;
			productReference = 52A19E802BAB296500ACA988 /* Marvel.app */;
			productType = "com.apple.product-type.application";
		};
		52A19E8F2BAB296900ACA988 /* MarvelTests */ = {
			isa = PBXNativeTarget;
			buildConfigurationList = 52A19EA72BAB296900ACA988 /* Build configuration list for PBXNativeTarget "MarvelTests" */;
			buildPhases = (
				52A19E8C2BAB296900ACA988 /* Sources */,
				52A19E8D2BAB296900ACA988 /* Frameworks */,
				52A19E8E2BAB296900ACA988 /* Resources */,
			);
			buildRules = (
			);
			dependencies = (
				52A19E922BAB296900ACA988 /* PBXTargetDependency */,
			);
			name = MarvelTests;
			productName = MarvelTests;
			productReference = 52A19E902BAB296900ACA988 /* MarvelTests.xctest */;
			productType = "com.apple.product-type.bundle.unit-test";
		};
		52A19E992BAB296900ACA988 /* MarvelUITests */ = {
			isa = PBXNativeTarget;
			buildConfigurationList = 52A19EAA2BAB296900ACA988 /* Build configuration list for PBXNativeTarget "MarvelUITests" */;
			buildPhases = (
				52A19E962BAB296900ACA988 /* Sources */,
				52A19E972BAB296900ACA988 /* Frameworks */,
				52A19E982BAB296900ACA988 /* Resources */,
			);
			buildRules = (
			);
			dependencies = (
				52A19E9C2BAB296900ACA988 /* PBXTargetDependency */,
			);
			name = MarvelUITests;
			productName = MarvelUITests;
			productReference = 52A19E9A2BAB296900ACA988 /* MarvelUITests.xctest */;
			productType = "com.apple.product-type.bundle.ui-testing";
		};
/* End PBXNativeTarget section */

/* Begin PBXProject section */
		52A19E782BAB296500ACA988 /* Project object */ = {
			isa = PBXProject;
			attributes = {
				BuildIndependentTargetsInParallel = 1;
				LastSwiftUpdateCheck = 1520;
				LastUpgradeCheck = 1520;
				TargetAttributes = {
					52A19E7F2BAB296500ACA988 = {
						CreatedOnToolsVersion = 15.2;
					};
					52A19E8F2BAB296900ACA988 = {
						CreatedOnToolsVersion = 15.2;
						TestTargetID = 52A19E7F2BAB296500ACA988;
					};
					52A19E992BAB296900ACA988 = {
						CreatedOnToolsVersion = 15.2;
						TestTargetID = 52A19E7F2BAB296500ACA988;
					};
				};
			};
			buildConfigurationList = 52A19E7B2BAB296500ACA988 /* Build configuration list for PBXProject "Marvel" */;
			compatibilityVersion = "Xcode 14.0";
			developmentRegion = en;
			hasScannedForEncodings = 0;
			knownRegions = (
				en,
				Base,
			);
			mainGroup = 52A19E772BAB296500ACA988;
			productRefGroup = 52A19E812BAB296500ACA988 /* Products */;
			projectDirPath = "";
			projectRoot = "";
			targets = (
				52A19E7F2BAB296500ACA988 /* Marvel */,
				52A19E8F2BAB296900ACA988 /* MarvelTests */,
				52A19E992BAB296900ACA988 /* MarvelUITests */,
			);
		};
/* End PBXProject section */

/* Begin PBXResourcesBuildPhase section */
		52A19E7E2BAB296500ACA988 /* Resources */ = {
			isa = PBXResourcesBuildPhase;
			buildActionMask = 2147483647;
			files = (
				52A19EB72BAB2D9800ACA988 /* Colors.xcassets in Resources */,
				52A19EBF2BAE027C00ACA988 /* Localizable.strings in Resources */,
				52A19E8B2BAB296800ACA988 /* Preview Assets.xcassets in Resources */,
				52A19E882BAB296800ACA988 /* Assets.xcassets in Resources */,
			);
			runOnlyForDeploymentPostprocessing = 0;
		};
		52A19E8E2BAB296900ACA988 /* Resources */ = {
			isa = PBXResourcesBuildPhase;
			buildActionMask = 2147483647;
			files = (
			);
			runOnlyForDeploymentPostprocessing = 0;
		};
		52A19E982BAB296900ACA988 /* Resources */ = {
			isa = PBXResourcesBuildPhase;
			buildActionMask = 2147483647;
			files = (
			);
			runOnlyForDeploymentPostprocessing = 0;
		};
/* End PBXResourcesBuildPhase section */

/* Begin PBXSourcesBuildPhase section */
		52A19E7C2BAB296500ACA988 /* Sources */ = {
			isa = PBXSourcesBuildPhase;
			buildActionMask = 2147483647;
			files = (
				522276BB2BB3D22B0000FE41 /* HomeViewModel.swift in Sources */,
				522276A92BB3BFAF0000FE41 /* Stories.swift in Sources */,
				522276BD2BB3DE730000FE41 /* MovieCell.swift in Sources */,
				52530C6A2BC996F00019855B /* ComicDataContainer.swift in Sources */,
				52530C862BCD6EBD0019855B /* StorySummary.swift in Sources */,
				522276BF2BB5BB6E0000FE41 /* SelectedMovieData.swift in Sources */,
				522276A52BB3BF590000FE41 /* Comics.swift in Sources */,
				522276C52BB678EC0000FE41 /* MarvelApi.swift in Sources */,
				52530C7A2BC99F070019855B /* CharacterList.swift in Sources */,
				52530C6E2BC99BA70019855B /* ComicDate.swift in Sources */,
				528EA63B2BBDA3FA000B525B /* CharacterView.swift in Sources */,
				52530C722BC99E230019855B /* ComicPrice.swift in Sources */,
				522276C12BB675CA0000FE41 /* MovieFetchUseCase.swift in Sources */,
				5222769D2BB3BDAF0000FE41 /* AllCharactersResponse.swift in Sources */,
				52530C7C2BC99F490019855B /* CharacterSummary.swift in Sources */,
				52530C742BC99E680019855B /* CreatorList.swift in Sources */,
				522276A72BB3BF760000FE41 /* Series.swift in Sources */,
				52530C782BC99EC70019855B /* StoryList.swift in Sources */,
				522276AB2BB3BFCE0000FE41 /* EventList.swift in Sources */,
				522276B22BB3C09D0000FE41 /* SeriesItem.swift in Sources */,
				52530C802BC9D6EA0019855B /* ComicImage.swift in Sources */,
				5222769F2BB3BEA00000FE41 /* AllCharactersData.swift in Sources */,
				522276C82BB67B7F0000FE41 /* CharacterError.swift in Sources */,
				522276C32BB676590000FE41 /* MarvelRepository.swift in Sources */,
				522276A32BB3BF310000FE41 /* Thumbnail.swift in Sources */,
				52530C842BCD6AE20019855B /* ComicSummary.swift in Sources */,
				52530C682BC995DF0019855B /* ComicDataWrrapper.swift in Sources */,
				52530C6C2BC997B80019855B /* Comic.swift in Sources */,
				52530C822BCD68230019855B /* SeriesSummary.swift in Sources */,
				52530C882BCDBCF30019855B /* SideBarOption.swift in Sources */,
				522276A12BB3BEF60000FE41 /* Character.swift in Sources */,
				522276AF2BB3C03C0000FE41 /* ComicsItem.swift in Sources */,
				52530C702BC99C170019855B /* TextObject.swift in Sources */,
				52530C7E2BC9A6D80019855B /* ComicError.swift in Sources */,
				522276B62BB3C17A0000FE41 /* EventSummary.swift in Sources */,
				52A19E862BAB296500ACA988 /* ContentView.swift in Sources */,
				528EA6422BBF2E8C000B525B /* ComicView.swift in Sources */,
				DB8747642BD18E4C00BD6AF0 /* Config.swift in Sources */,
				52A19E842BAB296500ACA988 /* MarvelApp.swift in Sources */,
				522276B92BB3D2140000FE41 /* HomeView.swift in Sources */,
				52530C762BC99E8F0019855B /* CreatorSummary.swift in Sources */,
				528EA63F2BBE03E4000B525B /* HomeListState.swift in Sources */,
				522276B42BB3C10F0000FE41 /* StoriesItem.swift in Sources */,
				522276AD2BB3BFF20000FE41 /* UrlsItem.swift in Sources */,
			);
			runOnlyForDeploymentPostprocessing = 0;
		};
		52A19E8C2BAB296900ACA988 /* Sources */ = {
			isa = PBXSourcesBuildPhase;
			buildActionMask = 2147483647;
			files = (
				52A19E952BAB296900ACA988 /* MarvelTests.swift in Sources */,
				52530C8F2BD019270019855B /* MarvelResponse.swift in Sources */,
				52530C8A2BD0027E0019855B /* MarvelApiTests.swift in Sources */,
			);
			runOnlyForDeploymentPostprocessing = 0;
		};
		52A19E962BAB296900ACA988 /* Sources */ = {
			isa = PBXSourcesBuildPhase;
			buildActionMask = 2147483647;
			files = (
				52A19E9F2BAB296900ACA988 /* MarvelUITests.swift in Sources */,
				52A19EA12BAB296900ACA988 /* MarvelUITestsLaunchTests.swift in Sources */,
			);
			runOnlyForDeploymentPostprocessing = 0;
		};
/* End PBXSourcesBuildPhase section */

/* Begin PBXTargetDependency section */
		52A19E922BAB296900ACA988 /* PBXTargetDependency */ = {
			isa = PBXTargetDependency;
			target = 52A19E7F2BAB296500ACA988 /* Marvel */;
			targetProxy = 52A19E912BAB296900ACA988 /* PBXContainerItemProxy */;
		};
		52A19E9C2BAB296900ACA988 /* PBXTargetDependency */ = {
			isa = PBXTargetDependency;
			target = 52A19E7F2BAB296500ACA988 /* Marvel */;
			targetProxy = 52A19E9B2BAB296900ACA988 /* PBXContainerItemProxy */;
		};
/* End PBXTargetDependency section */

/* Begin XCBuildConfiguration section */
		52A19EA22BAB296900ACA988 /* Debug */ = {
			isa = XCBuildConfiguration;
			buildSettings = {
				ALWAYS_SEARCH_USER_PATHS = NO;
				ASSETCATALOG_COMPILER_GENERATE_SWIFT_ASSET_SYMBOL_EXTENSIONS = YES;
				CLANG_ANALYZER_NONNULL = YES;
				CLANG_ANALYZER_NUMBER_OBJECT_CONVERSION = YES_AGGRESSIVE;
				CLANG_CXX_LANGUAGE_STANDARD = "gnu++20";
				CLANG_ENABLE_MODULES = YES;
				CLANG_ENABLE_OBJC_ARC = YES;
				CLANG_ENABLE_OBJC_WEAK = YES;
				CLANG_WARN_BLOCK_CAPTURE_AUTORELEASING = YES;
				CLANG_WARN_BOOL_CONVERSION = YES;
				CLANG_WARN_COMMA = YES;
				CLANG_WARN_CONSTANT_CONVERSION = YES;
				CLANG_WARN_DEPRECATED_OBJC_IMPLEMENTATIONS = YES;
				CLANG_WARN_DIRECT_OBJC_ISA_USAGE = YES_ERROR;
				CLANG_WARN_DOCUMENTATION_COMMENTS = YES;
				CLANG_WARN_EMPTY_BODY = YES;
				CLANG_WARN_ENUM_CONVERSION = YES;
				CLANG_WARN_INFINITE_RECURSION = YES;
				CLANG_WARN_INT_CONVERSION = YES;
				CLANG_WARN_NON_LITERAL_NULL_CONVERSION = YES;
				CLANG_WARN_OBJC_IMPLICIT_RETAIN_SELF = YES;
				CLANG_WARN_OBJC_LITERAL_CONVERSION = YES;
				CLANG_WARN_OBJC_ROOT_CLASS = YES_ERROR;
				CLANG_WARN_QUOTED_INCLUDE_IN_FRAMEWORK_HEADER = YES;
				CLANG_WARN_RANGE_LOOP_ANALYSIS = YES;
				CLANG_WARN_STRICT_PROTOTYPES = YES;
				CLANG_WARN_SUSPICIOUS_MOVE = YES;
				CLANG_WARN_UNGUARDED_AVAILABILITY = YES_AGGRESSIVE;
				CLANG_WARN_UNREACHABLE_CODE = YES;
				CLANG_WARN__DUPLICATE_METHOD_MATCH = YES;
				COPY_PHASE_STRIP = NO;
				DEBUG_INFORMATION_FORMAT = dwarf;
				ENABLE_STRICT_OBJC_MSGSEND = YES;
				ENABLE_TESTABILITY = YES;
				ENABLE_USER_SCRIPT_SANDBOXING = YES;
				GCC_C_LANGUAGE_STANDARD = gnu17;
				GCC_DYNAMIC_NO_PIC = NO;
				GCC_NO_COMMON_BLOCKS = YES;
				GCC_OPTIMIZATION_LEVEL = 0;
				GCC_PREPROCESSOR_DEFINITIONS = (
					"DEBUG=1",
					"$(inherited)",
				);
				GCC_WARN_64_TO_32_BIT_CONVERSION = YES;
				GCC_WARN_ABOUT_RETURN_TYPE = YES_ERROR;
				GCC_WARN_UNDECLARED_SELECTOR = YES;
				GCC_WARN_UNINITIALIZED_AUTOS = YES_AGGRESSIVE;
				GCC_WARN_UNUSED_FUNCTION = YES;
				GCC_WARN_UNUSED_VARIABLE = YES;
				IPHONEOS_DEPLOYMENT_TARGET = 17.2;
				LOCALIZATION_PREFERS_STRING_CATALOGS = YES;
				MTL_ENABLE_DEBUG_INFO = INCLUDE_SOURCE;
				MTL_FAST_MATH = YES;
				ONLY_ACTIVE_ARCH = YES;
				SDKROOT = iphoneos;
				SWIFT_ACTIVE_COMPILATION_CONDITIONS = "DEBUG $(inherited)";
				SWIFT_OPTIMIZATION_LEVEL = "-Onone";
			};
			name = Debug;
		};
		52A19EA32BAB296900ACA988 /* Release */ = {
			isa = XCBuildConfiguration;
			buildSettings = {
				ALWAYS_SEARCH_USER_PATHS = NO;
				ASSETCATALOG_COMPILER_GENERATE_SWIFT_ASSET_SYMBOL_EXTENSIONS = YES;
				CLANG_ANALYZER_NONNULL = YES;
				CLANG_ANALYZER_NUMBER_OBJECT_CONVERSION = YES_AGGRESSIVE;
				CLANG_CXX_LANGUAGE_STANDARD = "gnu++20";
				CLANG_ENABLE_MODULES = YES;
				CLANG_ENABLE_OBJC_ARC = YES;
				CLANG_ENABLE_OBJC_WEAK = YES;
				CLANG_WARN_BLOCK_CAPTURE_AUTORELEASING = YES;
				CLANG_WARN_BOOL_CONVERSION = YES;
				CLANG_WARN_COMMA = YES;
				CLANG_WARN_CONSTANT_CONVERSION = YES;
				CLANG_WARN_DEPRECATED_OBJC_IMPLEMENTATIONS = YES;
				CLANG_WARN_DIRECT_OBJC_ISA_USAGE = YES_ERROR;
				CLANG_WARN_DOCUMENTATION_COMMENTS = YES;
				CLANG_WARN_EMPTY_BODY = YES;
				CLANG_WARN_ENUM_CONVERSION = YES;
				CLANG_WARN_INFINITE_RECURSION = YES;
				CLANG_WARN_INT_CONVERSION = YES;
				CLANG_WARN_NON_LITERAL_NULL_CONVERSION = YES;
				CLANG_WARN_OBJC_IMPLICIT_RETAIN_SELF = YES;
				CLANG_WARN_OBJC_LITERAL_CONVERSION = YES;
				CLANG_WARN_OBJC_ROOT_CLASS = YES_ERROR;
				CLANG_WARN_QUOTED_INCLUDE_IN_FRAMEWORK_HEADER = YES;
				CLANG_WARN_RANGE_LOOP_ANALYSIS = YES;
				CLANG_WARN_STRICT_PROTOTYPES = YES;
				CLANG_WARN_SUSPICIOUS_MOVE = YES;
				CLANG_WARN_UNGUARDED_AVAILABILITY = YES_AGGRESSIVE;
				CLANG_WARN_UNREACHABLE_CODE = YES;
				CLANG_WARN__DUPLICATE_METHOD_MATCH = YES;
				COPY_PHASE_STRIP = NO;
				DEBUG_INFORMATION_FORMAT = "dwarf-with-dsym";
				ENABLE_NS_ASSERTIONS = NO;
				ENABLE_STRICT_OBJC_MSGSEND = YES;
				ENABLE_USER_SCRIPT_SANDBOXING = YES;
				GCC_C_LANGUAGE_STANDARD = gnu17;
				GCC_NO_COMMON_BLOCKS = YES;
				GCC_WARN_64_TO_32_BIT_CONVERSION = YES;
				GCC_WARN_ABOUT_RETURN_TYPE = YES_ERROR;
				GCC_WARN_UNDECLARED_SELECTOR = YES;
				GCC_WARN_UNINITIALIZED_AUTOS = YES_AGGRESSIVE;
				GCC_WARN_UNUSED_FUNCTION = YES;
				GCC_WARN_UNUSED_VARIABLE = YES;
				IPHONEOS_DEPLOYMENT_TARGET = 17.2;
				LOCALIZATION_PREFERS_STRING_CATALOGS = YES;
				MTL_ENABLE_DEBUG_INFO = NO;
				MTL_FAST_MATH = YES;
				SDKROOT = iphoneos;
				SWIFT_COMPILATION_MODE = wholemodule;
				VALIDATE_PRODUCT = YES;
			};
			name = Release;
		};
		52A19EA52BAB296900ACA988 /* Debug */ = {
			isa = XCBuildConfiguration;
			buildSettings = {
				ASSETCATALOG_COMPILER_APPICON_NAME = AppIcon;
				ASSETCATALOG_COMPILER_GLOBAL_ACCENT_COLOR_NAME = AccentColor;
				CODE_SIGN_STYLE = Automatic;
				CURRENT_PROJECT_VERSION = 1;
				DEVELOPMENT_ASSET_PATHS = "\"Marvel/Preview Content\"";
				DEVELOPMENT_TEAM = 37CGX9JX84;
				ENABLE_PREVIEWS = YES;
				GENERATE_INFOPLIST_FILE = YES;
				INFOPLIST_KEY_UIApplicationSceneManifest_Generation = YES;
				INFOPLIST_KEY_UIApplicationSupportsIndirectInputEvents = YES;
				INFOPLIST_KEY_UILaunchScreen_Generation = YES;
				INFOPLIST_KEY_UISupportedInterfaceOrientations_iPad = "UIInterfaceOrientationPortrait UIInterfaceOrientationPortraitUpsideDown UIInterfaceOrientationLandscapeLeft UIInterfaceOrientationLandscapeRight";
				INFOPLIST_KEY_UISupportedInterfaceOrientations_iPhone = "UIInterfaceOrientationPortrait UIInterfaceOrientationLandscapeLeft UIInterfaceOrientationLandscapeRight";
				LD_RUNPATH_SEARCH_PATHS = (
					"$(inherited)",
					"@executable_path/Frameworks",
				);
				MARKETING_VERSION = 1.0;
				PRODUCT_BUNDLE_IDENTIFIER = com.endava.Marvel;
				PRODUCT_NAME = "$(TARGET_NAME)";
				SWIFT_EMIT_LOC_STRINGS = YES;
				SWIFT_VERSION = 5.0;
				TARGETED_DEVICE_FAMILY = "1,2";
			};
			name = Debug;
		};
		52A19EA62BAB296900ACA988 /* Release */ = {
			isa = XCBuildConfiguration;
			buildSettings = {
				ASSETCATALOG_COMPILER_APPICON_NAME = AppIcon;
				ASSETCATALOG_COMPILER_GLOBAL_ACCENT_COLOR_NAME = AccentColor;
				CODE_SIGN_STYLE = Automatic;
				CURRENT_PROJECT_VERSION = 1;
				DEVELOPMENT_ASSET_PATHS = "\"Marvel/Preview Content\"";
				DEVELOPMENT_TEAM = 37CGX9JX84;
				ENABLE_PREVIEWS = YES;
				GENERATE_INFOPLIST_FILE = YES;
				INFOPLIST_KEY_UIApplicationSceneManifest_Generation = YES;
				INFOPLIST_KEY_UIApplicationSupportsIndirectInputEvents = YES;
				INFOPLIST_KEY_UILaunchScreen_Generation = YES;
				INFOPLIST_KEY_UISupportedInterfaceOrientations_iPad = "UIInterfaceOrientationPortrait UIInterfaceOrientationPortraitUpsideDown UIInterfaceOrientationLandscapeLeft UIInterfaceOrientationLandscapeRight";
				INFOPLIST_KEY_UISupportedInterfaceOrientations_iPhone = "UIInterfaceOrientationPortrait UIInterfaceOrientationLandscapeLeft UIInterfaceOrientationLandscapeRight";
				LD_RUNPATH_SEARCH_PATHS = (
					"$(inherited)",
					"@executable_path/Frameworks",
				);
				MARKETING_VERSION = 1.0;
				PRODUCT_BUNDLE_IDENTIFIER = com.endava.Marvel;
				PRODUCT_NAME = "$(TARGET_NAME)";
				SWIFT_EMIT_LOC_STRINGS = YES;
				SWIFT_VERSION = 5.0;
				TARGETED_DEVICE_FAMILY = "1,2";
			};
			name = Release;
		};
		52A19EA82BAB296900ACA988 /* Debug */ = {
			isa = XCBuildConfiguration;
			buildSettings = {
				ALWAYS_EMBED_SWIFT_STANDARD_LIBRARIES = YES;
				BUNDLE_LOADER = "$(TEST_HOST)";
				CODE_SIGN_STYLE = Automatic;
				CURRENT_PROJECT_VERSION = 1;
				DEVELOPMENT_TEAM = 37CGX9JX84;
				GENERATE_INFOPLIST_FILE = YES;
				IPHONEOS_DEPLOYMENT_TARGET = 17.2;
				MARKETING_VERSION = 1.0;
				PRODUCT_BUNDLE_IDENTIFIER = com.endava.MarvelTests;
				PRODUCT_NAME = "$(TARGET_NAME)";
				SWIFT_EMIT_LOC_STRINGS = NO;
				SWIFT_VERSION = 5.0;
				TARGETED_DEVICE_FAMILY = "1,2";
				TEST_HOST = "$(BUILT_PRODUCTS_DIR)/Marvel.app/$(BUNDLE_EXECUTABLE_FOLDER_PATH)/Marvel";
			};
			name = Debug;
		};
		52A19EA92BAB296900ACA988 /* Release */ = {
			isa = XCBuildConfiguration;
			buildSettings = {
				ALWAYS_EMBED_SWIFT_STANDARD_LIBRARIES = YES;
				BUNDLE_LOADER = "$(TEST_HOST)";
				CODE_SIGN_STYLE = Automatic;
				CURRENT_PROJECT_VERSION = 1;
				DEVELOPMENT_TEAM = 37CGX9JX84;
				GENERATE_INFOPLIST_FILE = YES;
				IPHONEOS_DEPLOYMENT_TARGET = 17.2;
				MARKETING_VERSION = 1.0;
				PRODUCT_BUNDLE_IDENTIFIER = com.endava.MarvelTests;
				PRODUCT_NAME = "$(TARGET_NAME)";
				SWIFT_EMIT_LOC_STRINGS = NO;
				SWIFT_VERSION = 5.0;
				TARGETED_DEVICE_FAMILY = "1,2";
				TEST_HOST = "$(BUILT_PRODUCTS_DIR)/Marvel.app/$(BUNDLE_EXECUTABLE_FOLDER_PATH)/Marvel";
			};
			name = Release;
		};
		52A19EAB2BAB296900ACA988 /* Debug */ = {
			isa = XCBuildConfiguration;
			buildSettings = {
				ALWAYS_EMBED_SWIFT_STANDARD_LIBRARIES = YES;
				CODE_SIGN_STYLE = Automatic;
				CURRENT_PROJECT_VERSION = 1;
				DEVELOPMENT_TEAM = 37CGX9JX84;
				GENERATE_INFOPLIST_FILE = YES;
				MARKETING_VERSION = 1.0;
				PRODUCT_BUNDLE_IDENTIFIER = com.endava.MarvelUITests;
				PRODUCT_NAME = "$(TARGET_NAME)";
				SWIFT_EMIT_LOC_STRINGS = NO;
				SWIFT_VERSION = 5.0;
				TARGETED_DEVICE_FAMILY = "1,2";
				TEST_TARGET_NAME = Marvel;
			};
			name = Debug;
		};
		52A19EAC2BAB296900ACA988 /* Release */ = {
			isa = XCBuildConfiguration;
			buildSettings = {
				ALWAYS_EMBED_SWIFT_STANDARD_LIBRARIES = YES;
				CODE_SIGN_STYLE = Automatic;
				CURRENT_PROJECT_VERSION = 1;
				DEVELOPMENT_TEAM = 37CGX9JX84;
				GENERATE_INFOPLIST_FILE = YES;
				MARKETING_VERSION = 1.0;
				PRODUCT_BUNDLE_IDENTIFIER = com.endava.MarvelUITests;
				PRODUCT_NAME = "$(TARGET_NAME)";
				SWIFT_EMIT_LOC_STRINGS = NO;
				SWIFT_VERSION = 5.0;
				TARGETED_DEVICE_FAMILY = "1,2";
				TEST_TARGET_NAME = Marvel;
			};
			name = Release;
		};
/* End XCBuildConfiguration section */

/* Begin XCConfigurationList section */
		52A19E7B2BAB296500ACA988 /* Build configuration list for PBXProject "Marvel" */ = {
			isa = XCConfigurationList;
			buildConfigurations = (
				52A19EA22BAB296900ACA988 /* Debug */,
				52A19EA32BAB296900ACA988 /* Release */,
			);
			defaultConfigurationIsVisible = 0;
			defaultConfigurationName = Release;
		};
		52A19EA42BAB296900ACA988 /* Build configuration list for PBXNativeTarget "Marvel" */ = {
			isa = XCConfigurationList;
			buildConfigurations = (
				52A19EA52BAB296900ACA988 /* Debug */,
				52A19EA62BAB296900ACA988 /* Release */,
			);
			defaultConfigurationIsVisible = 0;
			defaultConfigurationName = Release;
		};
		52A19EA72BAB296900ACA988 /* Build configuration list for PBXNativeTarget "MarvelTests" */ = {
			isa = XCConfigurationList;
			buildConfigurations = (
				52A19EA82BAB296900ACA988 /* Debug */,
				52A19EA92BAB296900ACA988 /* Release */,
			);
			defaultConfigurationIsVisible = 0;
			defaultConfigurationName = Release;
		};
		52A19EAA2BAB296900ACA988 /* Build configuration list for PBXNativeTarget "MarvelUITests" */ = {
			isa = XCConfigurationList;
			buildConfigurations = (
				52A19EAB2BAB296900ACA988 /* Debug */,
				52A19EAC2BAB296900ACA988 /* Release */,
			);
			defaultConfigurationIsVisible = 0;
			defaultConfigurationName = Release;
		};
/* End XCConfigurationList section */
	};
	rootObject = 52A19E782BAB296500ACA988 /* Project object */;
}
